
Microsoft Visual Studio Solution File, Format Version 12.00
# Visual Studio Version 17
VisualStudioVersion = 17.8.34330.188
MinimumVisualStudioVersion = 10.0.40219.1
Project("{FAE04EC0-301F-11D3-BF4B-00C04F79EFBC}") = "Testing", "Testing.csproj", "{D3D71523-D199-4FAC-8ECD-3FD4EE429773}"
EndProject
Global
	GlobalSection(SolutionConfigurationPlatforms) = preSolution
		Debug|Any CPU = Debug|Any CPU
		Release|Any CPU = Release|Any CPU
	EndGlobalSection
	GlobalSection(ProjectConfigurationPlatforms) = postSolution
		{D3D71523-D199-4FAC-8ECD-3FD4EE429773}.Debug|Any CPU.ActiveCfg = Debug|Any CPU
		{D3D71523-D199-4FAC-8ECD-3FD4EE429773}.Debug|Any CPU.Build.0 = Debug|Any CPU
		{D3D71523-D199-4FAC-8ECD-3FD4EE429773}.Release|Any CPU.ActiveCfg = Release|Any CPU
		{D3D71523-D199-4FAC-8ECD-3FD4EE429773}.Release|Any CPU.Build.0 = Release|Any CPU
	EndGlobalSection
	GlobalSection(SolutionProperties) = preSolution
		HideSolutionNode = FALSE
	EndGlobalSection
	GlobalSection(ExtensibilityGlobals) = postSolution
		SolutionGuid = {30A1AABF-154B-42A9-AF5A-E2B38AA553EF}
	EndGlobalSection
EndGlobal
